
Microsoft Visual Studio Solution File, Format Version 12.00
# Visual Studio Version 17
VisualStudioVersion = 17.10.35013.160
MinimumVisualStudioVersion = 10.0.40219.1
Project("{FAE04EC0-301F-11D3-BF4B-00C04F79EFBC}") = "DemoWebApp", "DemoWebApp\DemoWebApp.csproj", "{DB4582BA-3D6B-48EF-AF5F-01974223647E}"
EndProject
Global
	GlobalSection(SolutionConfigurationPlatforms) = preSolution
		Debug|Any CPU = Debug|Any CPU
		Release|Any CPU = Release|Any CPU
	EndGlobalSection
	GlobalSection(ProjectConfigurationPlatforms) = postSolution
		{DB4582BA-3D6B-48EF-AF5F-01974223647E}.Debug|Any CPU.ActiveCfg = Debug|Any CPU
		{DB4582BA-3D6B-48EF-AF5F-01974223647E}.Debug|Any CPU.Build.0 = Debug|Any CPU
		{DB4582BA-3D6B-48EF-AF5F-01974223647E}.Release|Any CPU.ActiveCfg = Release|Any CPU
		{DB4582BA-3D6B-48EF-AF5F-01974223647E}.Release|Any CPU.Build.0 = Release|Any CPU
	EndGlobalSection
	GlobalSection(SolutionProperties) = preSolution
		HideSolutionNode = FALSE
	EndGlobalSection
	GlobalSection(ExtensibilityGlobals) = postSolution
		SolutionGuid = {DBE597B1-5A39-4080-9CAF-187A8D311B61}
	EndGlobalSection
EndGlobal
